
Microsoft Visual Studio Solution File, Format Version 12.00
Project("{FAE04EC0-301F-11D3-BF4B-00C04F79EFBC}") = "AuthenticationServer", "AuthenticationServer\AuthenticationServer.csproj", "{8D70DAAB-417F-41F7-AC41-4EA62FB55432}"
EndProject
Project("{FAE04EC0-301F-11D3-BF4B-00C04F79EFBC}") = "AuctionService", "AuctionService\AuctionService.csproj", "{82DE1D7B-8296-4B89-A100-2306947474B3}"
EndProject
Project("{FAE04EC0-301F-11D3-BF4B-00C04F79EFBC}") = "AuctionMarketplaceLibrary", "AuctionMarketplaceLibrary\AuctionMarketplaceLibrary.csproj", "{01425972-1319-4153-9194-AEB21CBAD177}"
EndProject
Project("{FAE04EC0-301F-11D3-BF4B-00C04F79EFBC}") = "AuctionLiveService", "AuctionLiveService\AuctionLiveService.csproj", "{EB70AF97-0AB6-41A4-BC4A-2D47315DD92A}"
EndProject
Project("{FAE04EC0-301F-11D3-BF4B-00C04F79EFBC}") = "BidService", "BidService\BidService.csproj", "{F401FE7D-7584-4F86-BF54-D9443008516F}"
EndProject
Global
	GlobalSection(SolutionConfigurationPlatforms) = preSolution
		Debug|Any CPU = Debug|Any CPU
		Release|Any CPU = Release|Any CPU
	EndGlobalSection
	GlobalSection(ProjectConfigurationPlatforms) = postSolution
		{8D70DAAB-417F-41F7-AC41-4EA62FB55432}.Debug|Any CPU.ActiveCfg = Debug|Any CPU
		{8D70DAAB-417F-41F7-AC41-4EA62FB55432}.Debug|Any CPU.Build.0 = Debug|Any CPU
		{8D70DAAB-417F-41F7-AC41-4EA62FB55432}.Release|Any CPU.ActiveCfg = Release|Any CPU
		{8D70DAAB-417F-41F7-AC41-4EA62FB55432}.Release|Any CPU.Build.0 = Release|Any CPU
		{82DE1D7B-8296-4B89-A100-2306947474B3}.Debug|Any CPU.ActiveCfg = Debug|Any CPU
		{82DE1D7B-8296-4B89-A100-2306947474B3}.Debug|Any CPU.Build.0 = Debug|Any CPU
		{82DE1D7B-8296-4B89-A100-2306947474B3}.Release|Any CPU.ActiveCfg = Release|Any CPU
		{82DE1D7B-8296-4B89-A100-2306947474B3}.Release|Any CPU.Build.0 = Release|Any CPU
		{01425972-1319-4153-9194-AEB21CBAD177}.Debug|Any CPU.ActiveCfg = Debug|Any CPU
		{01425972-1319-4153-9194-AEB21CBAD177}.Debug|Any CPU.Build.0 = Debug|Any CPU
		{01425972-1319-4153-9194-AEB21CBAD177}.Release|Any CPU.ActiveCfg = Release|Any CPU
		{01425972-1319-4153-9194-AEB21CBAD177}.Release|Any CPU.Build.0 = Release|Any CPU
		{EB70AF97-0AB6-41A4-BC4A-2D47315DD92A}.Debug|Any CPU.ActiveCfg = Debug|Any CPU
		{EB70AF97-0AB6-41A4-BC4A-2D47315DD92A}.Debug|Any CPU.Build.0 = Debug|Any CPU
		{EB70AF97-0AB6-41A4-BC4A-2D47315DD92A}.Release|Any CPU.ActiveCfg = Release|Any CPU
		{EB70AF97-0AB6-41A4-BC4A-2D47315DD92A}.Release|Any CPU.Build.0 = Release|Any CPU
		{F401FE7D-7584-4F86-BF54-D9443008516F}.Debug|Any CPU.ActiveCfg = Debug|Any CPU
		{F401FE7D-7584-4F86-BF54-D9443008516F}.Debug|Any CPU.Build.0 = Debug|Any CPU
		{F401FE7D-7584-4F86-BF54-D9443008516F}.Release|Any CPU.ActiveCfg = Release|Any CPU
		{F401FE7D-7584-4F86-BF54-D9443008516F}.Release|Any CPU.Build.0 = Release|Any CPU
	EndGlobalSection
EndGlobal
